
Microsoft Visual Studio Solution File, Format Version 12.00
# Visual Studio Version 17
VisualStudioVersion = 17.14.36518.9 d17.14
MinimumVisualStudioVersion = 10.0.40219.1
Project("{FAE04EC0-301F-11D3-BF4B-00C04F79EFBC}") = "SneakerStoreAppWPF", "SneakerStoreAppWPF.csproj", "{F985B12E-DDB7-47B4-85A9-0777E4D22661}"
EndProject
Global
	GlobalSection(SolutionConfigurationPlatforms) = preSolution
		Debug|Any CPU = Debug|Any CPU
		Release|Any CPU = Release|Any CPU
	EndGlobalSection
	GlobalSection(ProjectConfigurationPlatforms) = postSolution
		{F985B12E-DDB7-47B4-85A9-0777E4D22661}.Debug|Any CPU.ActiveCfg = Debug|Any CPU
		{F985B12E-DDB7-47B4-85A9-0777E4D22661}.Debug|Any CPU.Build.0 = Debug|Any CPU
		{F985B12E-DDB7-47B4-85A9-0777E4D22661}.Release|Any CPU.ActiveCfg = Release|Any CPU
		{F985B12E-DDB7-47B4-85A9-0777E4D22661}.Release|Any CPU.Build.0 = Release|Any CPU
	EndGlobalSection
	GlobalSection(SolutionProperties) = preSolution
		HideSolutionNode = FALSE
	EndGlobalSection
	GlobalSection(ExtensibilityGlobals) = postSolution
		SolutionGuid = {3F9D3A39-93AF-435B-A5DB-5BCBDB96FF1F}
	EndGlobalSection
EndGlobal
